// !$*UTF8*$!
{
	archiveVersion = 1;
	classes = {
	};
	objectVersion = 46;
	objects = {

/* Begin PBXBuildFile section */
		15997CCC1D94071B00AB1756 /* main.c in Sources */ = {isa = PBXBuildFile; fileRef = 15997CCB1D94071B00AB1756 /* main.c */; };
		15997CD41D940B6100AB1756 /* 2DArray.c in Sources */ = {isa = PBXBuildFile; fileRef = 15997CD31D940B6100AB1756 /* 2DArray.c */; };
		15997CD61D940E9B00AB1756 /* matrix.c in Sources */ = {isa = PBXBuildFile; fileRef = 15997CD51D940E9B00AB1756 /* matrix.c */; };
/* End PBXBuildFile section */

/* Begin PBXCopyFilesBuildPhase section */
		15997CC61D94071B00AB1756 /* CopyFiles */ = {
			isa = PBXCopyFilesBuildPhase;
			buildActionMask = 2147483647;
			dstPath = /usr/share/man/man1/;
			dstSubfolderSpec = 0;
			files = (
			);
			runOnlyForDeploymentPostprocessing = 1;
		};
/* End PBXCopyFilesBuildPhase section */

/* Begin PBXFileReference section */
		15997CC81D94071B00AB1756 /* sequential */ = {isa = PBXFileReference; explicitFileType = "compiled.mach-o.executable"; includeInIndex = 0; path = sequential; sourceTree = BUILT_PRODUCTS_DIR; };
		15997CCB1D94071B00AB1756 /* main.c */ = {isa = PBXFileReference; lastKnownFileType = sourcecode.c.c; path = main.c; sourceTree = "<group>"; };
		15997CD21D94094C00AB1756 /* define.h */ = {isa = PBXFileReference; lastKnownFileType = sourcecode.c.h; path = define.h; sourceTree = "<group>"; };
		15997CD31D940B6100AB1756 /* 2DArray.c */ = {isa = PBXFileReference; fileEncoding = 4; lastKnownFileType = sourcecode.c.c; path = 2DArray.c; sourceTree = "<group>"; };
		15997CD51D940E9B00AB1756 /* matrix.c */ = {isa = PBXFileReference; fileEncoding = 4; lastKnownFileType = sourcecode.c.c; path = matrix.c; sourceTree = "<group>"; };
/* End PBXFileReference section */

/* Begin PBXFrameworksBuildPhase section */
		15997CC51D94071B00AB1756 /* Frameworks */ = {
			isa = PBXFrameworksBuildPhase;
			buildActionMask = 2147483647;
			files = (
			);
			runOnlyForDeploymentPostprocessing = 0;
		};
/* End PBXFrameworksBuildPhase section */

/* Begin PBXGroup section */
		15997CBF1D94071B00AB1756 = {
			isa = PBXGroup;
			children = (
				15997CCA1D94071B00AB1756 /* sequential */,
				15997CC91D94071B00AB1756 /* Products */,
			);
			sourceTree = "<group>";
		};
		15997CC91D94071B00AB1756 /* Products */ = {
			isa = PBXGroup;
			children = (
				15997CC81D94071B00AB1756 /* sequential */,
			);
			name = Products;
			sourceTree = "<group>";
		};
		15997CCA1D94071B00AB1756 /* sequential */ = {
			isa = PBXGroup;
			children = (
				15997CCB1D94071B00AB1756 /* main.c */,
				15997CD21D94094C00AB1756 /* define.h */,
				15997CD31D940B6100AB1756 /* 2DArray.c */,
				15997CD51D940E9B00AB1756 /* matrix.c */,
			);
			path = sequential;
			sourceTree = "<group>";
		};
/* End PBXGroup section */

/* Begin PBXNativeTarget section */
		15997CC71D94071B00AB1756 /* sequential */ = {
			isa = PBXNativeTarget;
			buildConfigurationList = 15997CCF1D94071B00AB1756 /* Build configuration list for PBXNativeTarget "sequential" */;
			buildPhases = (
				15997CC41D94071B00AB1756 /* Sources */,
				15997CC51D94071B00AB1756 /* Frameworks */,
				15997CC61D94071B00AB1756 /* CopyFiles */,
			);
			buildRules = (
			);
			dependencies = (
			);
			name = sequential;
			productName = sequential;
			productReference = 15997CC81D94071B00AB1756 /* sequential */;
			productType = "com.apple.product-type.tool";
		};
/* End PBXNativeTarget section */

/* Begin PBXProject section */
		15997CC01D94071B00AB1756 /* Project object */ = {
			isa = PBXProject;
			attributes = {
				LastUpgradeCheck = 0730;
				ORGANIZATIONNAME = DSU_410;
				TargetAttributes = {
					15997CC71D94071B00AB1756 = {
						CreatedOnToolsVersion = 7.3.1;
					};
				};
			};
			buildConfigurationList = 15997CC31D94071B00AB1756 /* Build configuration list for PBXProject "sequential" */;
			compatibilityVersion = "Xcode 3.2";
			developmentRegion = English;
			hasScannedForEncodings = 0;
			knownRegions = (
				en,
			);
			mainGroup = 15997CBF1D94071B00AB1756;
			productRefGroup = 15997CC91D94071B00AB1756 /* Products */;
			projectDirPath = "";
			projectRoot = "";
			targets = (
				15997CC71D94071B00AB1756 /* sequential */,
			);
		};
/* End PBXProject section */

/* Begin PBXSourcesBuildPhase section */
		15997CC41D94071B00AB1756 /* Sources */ = {
			isa = PBXSourcesBuildPhase;
			buildActionMask = 2147483647;
			files = (
				15997CCC1D94071B00AB1756 /* main.c in Sources */,
				15997CD41D940B6100AB1756 /* 2DArray.c in Sources */,
				15997CD61D940E9B00AB1756 /* matrix.c in Sources */,
			);
			runOnlyForDeploymentPostprocessing = 0;
		};
/* End PBXSourcesBuildPhase section */

/* Begin XCBuildConfiguration section */
		15997CCD1D94071B00AB1756 /* Debug */ = {
			isa = XCBuildConfiguration;
			buildSettings = {
				ALWAYS_SEARCH_USER_PATHS = NO;
				CLANG_ANALYZER_NONNULL = YES;
				CLANG_CXX_LANGUAGE_STANDARD = "gnu++0x";
				CLANG_CXX_LIBRARY = "libc++";
				CLANG_ENABLE_MODULES = YES;
				CLANG_ENABLE_OBJC_ARC = YES;
				CLANG_WARN_BOOL_CONVERSION = YES;
				CLANG_WARN_CONSTANT_CONVERSION = YES;
				CLANG_WARN_DIRECT_OBJC_ISA_USAGE = YES_ERROR;
				CLANG_WARN_EMPTY_BODY = YES;
				CLANG_WARN_ENUM_CONVERSION = YES;
				CLANG_WARN_INT_CONVERSION = YES;
				CLANG_WARN_OBJC_ROOT_CLASS = YES_ERROR;
				CLANG_WARN_UNREACHABLE_CODE = YES;
				CLANG_WARN__DUPLICATE_METHOD_MATCH = YES;
				CODE_SIGN_IDENTITY = "-";
				COPY_PHASE_STRIP = NO;
				DEBUG_INFORMATION_FORMAT = dwarf;
				ENABLE_STRICT_OBJC_MSGSEND = YES;
				ENABLE_TESTABILITY = YES;
				GCC_C_LANGUAGE_STANDARD = gnu99;
				GCC_DYNAMIC_NO_PIC = NO;
				GCC_NO_COMMON_BLOCKS = YES;
				GCC_OPTIMIZATION_LEVEL = 0;
				GCC_PREPROCESSOR_DEFINITIONS = (
					"DEBUG=1",
					"$(inherited)",
				);
				GCC_WARN_64_TO_32_BIT_CONVERSION = YES;
				GCC_WARN_ABOUT_RETURN_TYPE = YES_ERROR;
				GCC_WARN_UNDECLARED_SELECTOR = YES;
				GCC_WARN_UNINITIALIZED_AUTOS = YES_AGGRESSIVE;
				GCC_WARN_UNUSED_FUNCTION = YES;
				GCC_WARN_UNUSED_VARIABLE = YES;
				MACOSX_DEPLOYMENT_TARGET = 10.11;
				MTL_ENABLE_DEBUG_INFO = YES;
				ONLY_ACTIVE_ARCH = YES;
				SDKROOT = macosx;
			};
			name = Debug;
		};
		15997CCE1D94071B00AB1756 /* Release */ = {
			isa = XCBuildConfiguration;
			buildSettings = {
				ALWAYS_SEARCH_USER_PATHS = NO;
				CLANG_ANALYZER_NONNULL = YES;
				CLANG_CXX_LANGUAGE_STANDARD = "gnu++0x";
				CLANG_CXX_LIBRARY = "libc++";
				CLANG_ENABLE_MODULES = YES;
				CLANG_ENABLE_OBJC_ARC = YES;
				CLANG_WARN_BOOL_CONVERSION = YES;
				CLANG_WARN_CONSTANT_CONVERSION = YES;
				CLANG_WARN_DIRECT_OBJC_ISA_USAGE = YES_ERROR;
				CLANG_WARN_EMPTY_BODY = YES;
				CLANG_WARN_ENUM_CONVERSION = YES;
				CLANG_WARN_INT_CONVERSION = YES;
				CLANG_WARN_OBJC_ROOT_CLASS = YES_ERROR;
				CLANG_WARN_UNREACHABLE_CODE = YES;
				CLANG_WARN__DUPLICATE_METHOD_MATCH = YES;
				CODE_SIGN_IDENTITY = "-";
				COPY_PHASE_STRIP = NO;
				DEBUG_INFORMATION_FORMAT = "dwarf-with-dsym";
				ENABLE_NS_ASSERTIONS = NO;
				ENABLE_STRICT_OBJC_MSGSEND = YES;
				GCC_C_LANGUAGE_STANDARD = gnu99;
				GCC_NO_COMMON_BLOCKS = YES;
				GCC_WARN_64_TO_32_BIT_CONVERSION = YES;
				GCC_WARN_ABOUT_RETURN_TYPE = YES_ERROR;
				GCC_WARN_UNDECLARED_SELECTOR = YES;
				GCC_WARN_UNINITIALIZED_AUTOS = YES_AGGRESSIVE;
				GCC_WARN_UNUSED_FUNCTION = YES;
				GCC_WARN_UNUSED_VARIABLE = YES;
				MACOSX_DEPLOYMENT_TARGET = 10.11;
				MTL_ENABLE_DEBUG_INFO = NO;
				SDKROOT = macosx;
			};
			name = Release;
		};
		15997CD01D94071B00AB1756 /* Debug */ = {
			isa = XCBuildConfiguration;
			buildSettings = {
				PRODUCT_NAME = "$(TARGET_NAME)";
			};
			name = Debug;
		};
		15997CD11D94071B00AB1756 /* Release */ = {
			isa = XCBuildConfiguration;
			buildSettings = {
				PRODUCT_NAME = "$(TARGET_NAME)";
			};
			name = Release;
		};
/* End XCBuildConfiguration section */

/* Begin XCConfigurationList section */
		15997CC31D94071B00AB1756 /* Build configuration list for PBXProject "sequential" */ = {
			isa = XCConfigurationList;
			buildConfigurations = (
				15997CCD1D94071B00AB1756 /* Debug */,
				15997CCE1D94071B00AB1756 /* Release */,
			);
			defaultConfigurationIsVisible = 0;
			defaultConfigurationName = Release;
		};
		15997CCF1D94071B00AB1756 /* Build configuration list for PBXNativeTarget "sequential" */ = {
			isa = XCConfigurationList;
			buildConfigurations = (
				15997CD01D94071B00AB1756 /* Debug */,
				15997CD11D94071B00AB1756 /* Release */,
			);
			defaultConfigurationIsVisible = 0;
			defaultConfigurationName = Release;
		};
/* End XCConfigurationList section */
	};
	rootObject = 15997CC01D94071B00AB1756 /* Project object */;
}
